
Microsoft Visual Studio Solution File, Format Version 12.00
# Visual Studio Version 17
VisualStudioVersion = 17.2.32630.192
MinimumVisualStudioVersion = 10.0.40219.1
Project("{FAE04EC0-301F-11D3-BF4B-00C04F79EFBC}") = "DapperInClass", "DapperInClass\DapperInClass.csproj", "{58E12910-2E71-4241-85F5-5BFF8CF98876}"
EndProject
Global
	GlobalSection(SolutionConfigurationPlatforms) = preSolution
		Debug|Any CPU = Debug|Any CPU
		Release|Any CPU = Release|Any CPU
	EndGlobalSection
	GlobalSection(ProjectConfigurationPlatforms) = postSolution
		{58E12910-2E71-4241-85F5-5BFF8CF98876}.Debug|Any CPU.ActiveCfg = Debug|Any CPU
		{58E12910-2E71-4241-85F5-5BFF8CF98876}.Debug|Any CPU.Build.0 = Debug|Any CPU
		{58E12910-2E71-4241-85F5-5BFF8CF98876}.Release|Any CPU.ActiveCfg = Release|Any CPU
		{58E12910-2E71-4241-85F5-5BFF8CF98876}.Release|Any CPU.Build.0 = Release|Any CPU
	EndGlobalSection
	GlobalSection(SolutionProperties) = preSolution
		HideSolutionNode = FALSE
	EndGlobalSection
	GlobalSection(ExtensibilityGlobals) = postSolution
		SolutionGuid = {57CF17DF-817A-4325-9CD9-5F8BFD34C405}
	EndGlobalSection
EndGlobal
